
Microsoft Visual Studio Solution File, Format Version 12.00
# Visual Studio Version 17
VisualStudioVersion = 17.0.31903.59
MinimumVisualStudioVersion = 10.0.40219.1
Project("{FAE04EC0-301F-11D3-BF4B-00C04F79EFBC}") = "CAP.API", "CAP.API\CAP.API.csproj", "{238875C5-5029-48CB-9152-429AE5BA91C3}"
EndProject
Project("{FAE04EC0-301F-11D3-BF4B-00C04F79EFBC}") = "CAP.Shared", "CAP.Shared\CAP.Shared.csproj", "{7172D96D-8D5E-45FF-A05C-73207F2F534D}"
EndProject
Project("{2150E333-8FDC-42A3-9474-1A3956D46DE8}") = "Modules", "Modules", "{CF4BAE10-7EA8-4B18-B57D-0F0D62EDBA41}"
EndProject
Project("{2150E333-8FDC-42A3-9474-1A3956D46DE8}") = "Clinical", "Clinical", "{3EE18E3B-41AE-4107-9ABA-CEADB4BA5D94}"
EndProject
Project("{FAE04EC0-301F-11D3-BF4B-00C04F79EFBC}") = "CAP.Modules.Clinical.Api", "Modules\Clinical\CAP.Modules.Clinical.Api\CAP.Modules.Clinical.Api.csproj", "{94728CD3-62F0-4237-A437-4A756AAA92B3}"
EndProject
Project("{FAE04EC0-301F-11D3-BF4B-00C04F79EFBC}") = "CAP.Modules.Clinical.Api.Tests", "Modules\Clinical\CAP.Modules.Clinical.Api.Tests\CAP.Modules.Clinical.Api.Tests.csproj", "{4A05C4DF-AE4B-4F81-96C3-453D7CFC7A18}"
EndProject
Project("{FAE04EC0-301F-11D3-BF4B-00C04F79EFBC}") = "CAP.Modules.Clinical.Core", "Modules\Clinical\CAP.Modules.Clinical.Core\CAP.Modules.Clinical.Core.csproj", "{30A39E8C-8FD4-4913-B80F-25FA0F922A36}"
EndProject
Project("{FAE04EC0-301F-11D3-BF4B-00C04F79EFBC}") = "CAP.Modules.Clinical.Data", "Modules\Clinical\CAP.Modules.Clinical.Data\CAP.Modules.Clinical.Data.csproj", "{ABAA8B4C-5407-461E-99B8-99256DE2B762}"
EndProject
Project("{2150E333-8FDC-42A3-9474-1A3956D46DE8}") = "Facilities", "Facilities", "{A640CFEE-FFF7-4943-B651-8FA414D8941B}"
EndProject
Project("{FAE04EC0-301F-11D3-BF4B-00C04F79EFBC}") = "CAP.Modules.Facilities.Api", "Modules\Facilities\CAP.Modules.Facilities.Api\CAP.Modules.Facilities.Api.csproj", "{BCC2F042-DAF7-46F9-BFA9-18756F5BCFDD}"
EndProject
Project("{FAE04EC0-301F-11D3-BF4B-00C04F79EFBC}") = "CAP.Modules.Facilities.Api.Tests", "Modules\Facilities\CAP.Modules.Facilities.Api.Tests\CAP.Modules.Facilities.Api.Tests.csproj", "{53D70166-48DD-413F-94BD-F6CB5EEE6D8F}"
EndProject
Project("{FAE04EC0-301F-11D3-BF4B-00C04F79EFBC}") = "CAP.Modules.Facilities.Core", "Modules\Facilities\CAP.Modules.Facilities.Core\CAP.Modules.Facilities.Core.csproj", "{23832F8E-FB5C-4705-99F9-B107CAF35B19}"
EndProject
Project("{FAE04EC0-301F-11D3-BF4B-00C04F79EFBC}") = "CAP.Modules.Facilities.Data", "Modules\Facilities\CAP.Modules.Facilities.Data\CAP.Modules.Facilities.Data.csproj", "{E418A56C-758B-463F-8716-2FA0B14DBCC8}"
EndProject
Project("{2150E333-8FDC-42A3-9474-1A3956D46DE8}") = "Finance", "Finance", "{DA5B3BC1-CB90-4B6B-8E26-3C232A800B8E}"
EndProject
Project("{FAE04EC0-301F-11D3-BF4B-00C04F79EFBC}") = "CAP.Modules.Finance.Api", "Modules\Finance\CAP.Modules.Finance.Api\CAP.Modules.Finance.Api.csproj", "{46C48CD1-A48B-41D2-916E-AB72EDFEDADA}"
EndProject
Project("{FAE04EC0-301F-11D3-BF4B-00C04F79EFBC}") = "CAP.Modules.Finance.Api.Tests", "Modules\Finance\CAP.Modules.Finance.Api.Tests\CAP.Modules.Finance.Api.Tests.csproj", "{8D7F0E38-6D96-41D8-AF59-894581054FA8}"
EndProject
Project("{FAE04EC0-301F-11D3-BF4B-00C04F79EFBC}") = "CAP.Modules.Finance.Core", "Modules\Finance\CAP.Modules.Finance.Core\CAP.Modules.Finance.Core.csproj", "{FF0F0991-ECEB-4442-AF82-A84B8C710CA5}"
EndProject
Project("{FAE04EC0-301F-11D3-BF4B-00C04F79EFBC}") = "CAP.Modules.Finance.Data", "Modules\Finance\CAP.Modules.Finance.Data\CAP.Modules.Finance.Data.csproj", "{BE8E0E48-8A79-416E-B3EC-F8389F4FF26A}"
EndProject
Project("{2150E333-8FDC-42A3-9474-1A3956D46DE8}") = "Notifications", "Notifications", "{DC6ECAE9-3386-405D-B7FB-DAAD4DC72FAB}"
EndProject
Project("{FAE04EC0-301F-11D3-BF4B-00C04F79EFBC}") = "CAP.Modules.Notifications.Api", "Modules\Notifications\CAP.Modules.Notifications.Api\CAP.Modules.Notifications.Api.csproj", "{43EBE678-F4A7-4AF3-BF86-175DAC4B6669}"
EndProject
Project("{FAE04EC0-301F-11D3-BF4B-00C04F79EFBC}") = "CAP.Modules.Notifications.Api.Tests", "Modules\Notifications\CAP.Modules.Notifications.Api.Tests\CAP.Modules.Notifications.Api.Tests.csproj", "{2FEA269F-70BF-4D05-A14F-A1F81F185118}"
EndProject
Project("{FAE04EC0-301F-11D3-BF4B-00C04F79EFBC}") = "CAP.Modules.Notifications.Core", "Modules\Notifications\CAP.Modules.Notifications.Core\CAP.Modules.Notifications.Core.csproj", "{E868BF39-774B-442F-A3D7-56CCAD9CC87D}"
EndProject
Project("{FAE04EC0-301F-11D3-BF4B-00C04F79EFBC}") = "CAP.Modules.Notifications.Data", "Modules\Notifications\CAP.Modules.Notifications.Data\CAP.Modules.Notifications.Data.csproj", "{0A4A8566-95CA-4821-9A5A-8F901A23087B}"
EndProject
Project("{2150E333-8FDC-42A3-9474-1A3956D46DE8}") = "Reports", "Reports", "{020F1371-6F96-4D44-AF50-BE87362E429E}"
EndProject
Project("{FAE04EC0-301F-11D3-BF4B-00C04F79EFBC}") = "CAP.Modules.Reports.Api", "Modules\Reports\CAP.Modules.Reports.Api\CAP.Modules.Reports.Api.csproj", "{A4575A12-9807-47CC-83B6-A392FE1A019D}"
EndProject
Project("{FAE04EC0-301F-11D3-BF4B-00C04F79EFBC}") = "CAP.Modules.Reports.Api.Tests", "Modules\Reports\CAP.Modules.Reports.Api.Tests\CAP.Modules.Reports.Api.Tests.csproj", "{50E440FB-C9AA-4B91-95CE-7BC9DCEB39ED}"
EndProject
Project("{FAE04EC0-301F-11D3-BF4B-00C04F79EFBC}") = "CAP.Modules.Reports.Core", "Modules\Reports\CAP.Modules.Reports.Core\CAP.Modules.Reports.Core.csproj", "{84E37534-1073-4907-AB6F-A69A51B15C95}"
EndProject
Project("{FAE04EC0-301F-11D3-BF4B-00C04F79EFBC}") = "CAP.Modules.Reports.Data", "Modules\Reports\CAP.Modules.Reports.Data\CAP.Modules.Reports.Data.csproj", "{28E44E52-B045-4977-BFB5-8C99428BECA8}"
EndProject
Project("{2150E333-8FDC-42A3-9474-1A3956D46DE8}") = "Sports", "Sports", "{093A6746-88F3-489C-A0EA-CE1238BA85B2}"
EndProject
Project("{FAE04EC0-301F-11D3-BF4B-00C04F79EFBC}") = "CAP.Modules.Sports.Api", "Modules\Sports\CAP.Modules.Sports.Api\CAP.Modules.Sports.Api.csproj", "{4594B604-A918-4213-97C1-1DCECD7F1818}"
EndProject
Project("{FAE04EC0-301F-11D3-BF4B-00C04F79EFBC}") = "CAP.Modules.Sports.Api.Tests", "Modules\Sports\CAP.Modules.Sports.Api.Tests\CAP.Modules.Sports.Api.Tests.csproj", "{796B2068-C925-4CDD-B704-3DC02113EAE2}"
EndProject
Project("{FAE04EC0-301F-11D3-BF4B-00C04F79EFBC}") = "CAP.Modules.Sports.Core", "Modules\Sports\CAP.Modules.Sports.Core\CAP.Modules.Sports.Core.csproj", "{498404FA-51FF-43D8-BB28-A7254C0BF078}"
EndProject
Project("{FAE04EC0-301F-11D3-BF4B-00C04F79EFBC}") = "CAP.Modules.Sports.Data", "Modules\Sports\CAP.Modules.Sports.Data\CAP.Modules.Sports.Data.csproj", "{CD15DC20-F0E6-4485-A2E5-9EFDF9879EC5}"
EndProject
Project("{2150E333-8FDC-42A3-9474-1A3956D46DE8}") = "Users", "Users", "{0ED9717D-1344-46DC-AC52-47FF219E600E}"
EndProject
Project("{FAE04EC0-301F-11D3-BF4B-00C04F79EFBC}") = "CAP.Modules.Users.Api", "Modules\Users\CAP.Modules.Users.Api\CAP.Modules.Users.Api.csproj", "{73326252-8252-4187-BD61-F6305FECA680}"
EndProject
Project("{FAE04EC0-301F-11D3-BF4B-00C04F79EFBC}") = "CAP.Modules.Users.Api.Tests", "Modules\Users\CAP.Modules.Users.Api.Tests\CAP.Modules.Users.Api.Tests.csproj", "{24A21266-9040-4F72-8ADD-3CE5B807AB4E}"
EndProject
Project("{FAE04EC0-301F-11D3-BF4B-00C04F79EFBC}") = "CAP.Modules.Users.Core", "Modules\Users\CAP.Modules.Users.Core\CAP.Modules.Users.Core.csproj", "{C96A3382-D12D-4985-A1F2-FA3C2CD3435B}"
EndProject
Project("{FAE04EC0-301F-11D3-BF4B-00C04F79EFBC}") = "CAP.Modules.Users.Data", "Modules\Users\CAP.Modules.Users.Data\CAP.Modules.Users.Data.csproj", "{08883ACC-9C49-40F5-A3E3-D666B06B88AB}"
EndProject
Global
	GlobalSection(SolutionConfigurationPlatforms) = preSolution
		Debug|Any CPU = Debug|Any CPU
		Release|Any CPU = Release|Any CPU
	EndGlobalSection
	GlobalSection(SolutionProperties) = preSolution
		HideSolutionNode = FALSE
	EndGlobalSection
	GlobalSection(ProjectConfigurationPlatforms) = postSolution
		{238875C5-5029-48CB-9152-429AE5BA91C3}.Debug|Any CPU.ActiveCfg = Debug|Any CPU
		{238875C5-5029-48CB-9152-429AE5BA91C3}.Debug|Any CPU.Build.0 = Debug|Any CPU
		{238875C5-5029-48CB-9152-429AE5BA91C3}.Release|Any CPU.ActiveCfg = Release|Any CPU
		{238875C5-5029-48CB-9152-429AE5BA91C3}.Release|Any CPU.Build.0 = Release|Any CPU
		{7172D96D-8D5E-45FF-A05C-73207F2F534D}.Debug|Any CPU.ActiveCfg = Debug|Any CPU
		{7172D96D-8D5E-45FF-A05C-73207F2F534D}.Debug|Any CPU.Build.0 = Debug|Any CPU
		{7172D96D-8D5E-45FF-A05C-73207F2F534D}.Release|Any CPU.ActiveCfg = Release|Any CPU
		{7172D96D-8D5E-45FF-A05C-73207F2F534D}.Release|Any CPU.Build.0 = Release|Any CPU
		{94728CD3-62F0-4237-A437-4A756AAA92B3}.Debug|Any CPU.ActiveCfg = Debug|Any CPU
		{94728CD3-62F0-4237-A437-4A756AAA92B3}.Debug|Any CPU.Build.0 = Debug|Any CPU
		{94728CD3-62F0-4237-A437-4A756AAA92B3}.Release|Any CPU.ActiveCfg = Release|Any CPU
		{94728CD3-62F0-4237-A437-4A756AAA92B3}.Release|Any CPU.Build.0 = Release|Any CPU
		{4A05C4DF-AE4B-4F81-96C3-453D7CFC7A18}.Debug|Any CPU.ActiveCfg = Debug|Any CPU
		{4A05C4DF-AE4B-4F81-96C3-453D7CFC7A18}.Debug|Any CPU.Build.0 = Debug|Any CPU
		{4A05C4DF-AE4B-4F81-96C3-453D7CFC7A18}.Release|Any CPU.ActiveCfg = Release|Any CPU
		{4A05C4DF-AE4B-4F81-96C3-453D7CFC7A18}.Release|Any CPU.Build.0 = Release|Any CPU
		{30A39E8C-8FD4-4913-B80F-25FA0F922A36}.Debug|Any CPU.ActiveCfg = Debug|Any CPU
		{30A39E8C-8FD4-4913-B80F-25FA0F922A36}.Debug|Any CPU.Build.0 = Debug|Any CPU
		{30A39E8C-8FD4-4913-B80F-25FA0F922A36}.Release|Any CPU.ActiveCfg = Release|Any CPU
		{30A39E8C-8FD4-4913-B80F-25FA0F922A36}.Release|Any CPU.Build.0 = Release|Any CPU
		{ABAA8B4C-5407-461E-99B8-99256DE2B762}.Debug|Any CPU.ActiveCfg = Debug|Any CPU
		{ABAA8B4C-5407-461E-99B8-99256DE2B762}.Debug|Any CPU.Build.0 = Debug|Any CPU
		{ABAA8B4C-5407-461E-99B8-99256DE2B762}.Release|Any CPU.ActiveCfg = Release|Any CPU
		{ABAA8B4C-5407-461E-99B8-99256DE2B762}.Release|Any CPU.Build.0 = Release|Any CPU
		{BCC2F042-DAF7-46F9-BFA9-18756F5BCFDD}.Debug|Any CPU.ActiveCfg = Debug|Any CPU
		{BCC2F042-DAF7-46F9-BFA9-18756F5BCFDD}.Debug|Any CPU.Build.0 = Debug|Any CPU
		{BCC2F042-DAF7-46F9-BFA9-18756F5BCFDD}.Release|Any CPU.ActiveCfg = Release|Any CPU
		{BCC2F042-DAF7-46F9-BFA9-18756F5BCFDD}.Release|Any CPU.Build.0 = Release|Any CPU
		{53D70166-48DD-413F-94BD-F6CB5EEE6D8F}.Debug|Any CPU.ActiveCfg = Debug|Any CPU
		{53D70166-48DD-413F-94BD-F6CB5EEE6D8F}.Debug|Any CPU.Build.0 = Debug|Any CPU
		{53D70166-48DD-413F-94BD-F6CB5EEE6D8F}.Release|Any CPU.ActiveCfg = Release|Any CPU
		{53D70166-48DD-413F-94BD-F6CB5EEE6D8F}.Release|Any CPU.Build.0 = Release|Any CPU
		{23832F8E-FB5C-4705-99F9-B107CAF35B19}.Debug|Any CPU.ActiveCfg = Debug|Any CPU
		{23832F8E-FB5C-4705-99F9-B107CAF35B19}.Debug|Any CPU.Build.0 = Debug|Any CPU
		{23832F8E-FB5C-4705-99F9-B107CAF35B19}.Release|Any CPU.ActiveCfg = Release|Any CPU
		{23832F8E-FB5C-4705-99F9-B107CAF35B19}.Release|Any CPU.Build.0 = Release|Any CPU
		{E418A56C-758B-463F-8716-2FA0B14DBCC8}.Debug|Any CPU.ActiveCfg = Debug|Any CPU
		{E418A56C-758B-463F-8716-2FA0B14DBCC8}.Debug|Any CPU.Build.0 = Debug|Any CPU
		{E418A56C-758B-463F-8716-2FA0B14DBCC8}.Release|Any CPU.ActiveCfg = Release|Any CPU
		{E418A56C-758B-463F-8716-2FA0B14DBCC8}.Release|Any CPU.Build.0 = Release|Any CPU
		{46C48CD1-A48B-41D2-916E-AB72EDFEDADA}.Debug|Any CPU.ActiveCfg = Debug|Any CPU
		{46C48CD1-A48B-41D2-916E-AB72EDFEDADA}.Debug|Any CPU.Build.0 = Debug|Any CPU
		{46C48CD1-A48B-41D2-916E-AB72EDFEDADA}.Release|Any CPU.ActiveCfg = Release|Any CPU
		{46C48CD1-A48B-41D2-916E-AB72EDFEDADA}.Release|Any CPU.Build.0 = Release|Any CPU
		{8D7F0E38-6D96-41D8-AF59-894581054FA8}.Debug|Any CPU.ActiveCfg = Debug|Any CPU
		{8D7F0E38-6D96-41D8-AF59-894581054FA8}.Debug|Any CPU.Build.0 = Debug|Any CPU
		{8D7F0E38-6D96-41D8-AF59-894581054FA8}.Release|Any CPU.ActiveCfg = Release|Any CPU
		{8D7F0E38-6D96-41D8-AF59-894581054FA8}.Release|Any CPU.Build.0 = Release|Any CPU
		{FF0F0991-ECEB-4442-AF82-A84B8C710CA5}.Debug|Any CPU.ActiveCfg = Debug|Any CPU
		{FF0F0991-ECEB-4442-AF82-A84B8C710CA5}.Debug|Any CPU.Build.0 = Debug|Any CPU
		{FF0F0991-ECEB-4442-AF82-A84B8C710CA5}.Release|Any CPU.ActiveCfg = Release|Any CPU
		{FF0F0991-ECEB-4442-AF82-A84B8C710CA5}.Release|Any CPU.Build.0 = Release|Any CPU
		{BE8E0E48-8A79-416E-B3EC-F8389F4FF26A}.Debug|Any CPU.ActiveCfg = Debug|Any CPU
		{BE8E0E48-8A79-416E-B3EC-F8389F4FF26A}.Debug|Any CPU.Build.0 = Debug|Any CPU
		{BE8E0E48-8A79-416E-B3EC-F8389F4FF26A}.Release|Any CPU.ActiveCfg = Release|Any CPU
		{BE8E0E48-8A79-416E-B3EC-F8389F4FF26A}.Release|Any CPU.Build.0 = Release|Any CPU
		{43EBE678-F4A7-4AF3-BF86-175DAC4B6669}.Debug|Any CPU.ActiveCfg = Debug|Any CPU
		{43EBE678-F4A7-4AF3-BF86-175DAC4B6669}.Debug|Any CPU.Build.0 = Debug|Any CPU
		{43EBE678-F4A7-4AF3-BF86-175DAC4B6669}.Release|Any CPU.ActiveCfg = Release|Any CPU
		{43EBE678-F4A7-4AF3-BF86-175DAC4B6669}.Release|Any CPU.Build.0 = Release|Any CPU
		{2FEA269F-70BF-4D05-A14F-A1F81F185118}.Debug|Any CPU.ActiveCfg = Debug|Any CPU
		{2FEA269F-70BF-4D05-A14F-A1F81F185118}.Debug|Any CPU.Build.0 = Debug|Any CPU
		{2FEA269F-70BF-4D05-A14F-A1F81F185118}.Release|Any CPU.ActiveCfg = Release|Any CPU
		{2FEA269F-70BF-4D05-A14F-A1F81F185118}.Release|Any CPU.Build.0 = Release|Any CPU
		{E868BF39-774B-442F-A3D7-56CCAD9CC87D}.Debug|Any CPU.ActiveCfg = Debug|Any CPU
		{E868BF39-774B-442F-A3D7-56CCAD9CC87D}.Debug|Any CPU.Build.0 = Debug|Any CPU
		{E868BF39-774B-442F-A3D7-56CCAD9CC87D}.Release|Any CPU.ActiveCfg = Release|Any CPU
		{E868BF39-774B-442F-A3D7-56CCAD9CC87D}.Release|Any CPU.Build.0 = Release|Any CPU
		{0A4A8566-95CA-4821-9A5A-8F901A23087B}.Debug|Any CPU.ActiveCfg = Debug|Any CPU
		{0A4A8566-95CA-4821-9A5A-8F901A23087B}.Debug|Any CPU.Build.0 = Debug|Any CPU
		{0A4A8566-95CA-4821-9A5A-8F901A23087B}.Release|Any CPU.ActiveCfg = Release|Any CPU
		{0A4A8566-95CA-4821-9A5A-8F901A23087B}.Release|Any CPU.Build.0 = Release|Any CPU
		{A4575A12-9807-47CC-83B6-A392FE1A019D}.Debug|Any CPU.ActiveCfg = Debug|Any CPU
		{A4575A12-9807-47CC-83B6-A392FE1A019D}.Debug|Any CPU.Build.0 = Debug|Any CPU
		{A4575A12-9807-47CC-83B6-A392FE1A019D}.Release|Any CPU.ActiveCfg = Release|Any CPU
		{A4575A12-9807-47CC-83B6-A392FE1A019D}.Release|Any CPU.Build.0 = Release|Any CPU
		{50E440FB-C9AA-4B91-95CE-7BC9DCEB39ED}.Debug|Any CPU.ActiveCfg = Debug|Any CPU
		{50E440FB-C9AA-4B91-95CE-7BC9DCEB39ED}.Debug|Any CPU.Build.0 = Debug|Any CPU
		{50E440FB-C9AA-4B91-95CE-7BC9DCEB39ED}.Release|Any CPU.ActiveCfg = Release|Any CPU
		{50E440FB-C9AA-4B91-95CE-7BC9DCEB39ED}.Release|Any CPU.Build.0 = Release|Any CPU
		{84E37534-1073-4907-AB6F-A69A51B15C95}.Debug|Any CPU.ActiveCfg = Debug|Any CPU
		{84E37534-1073-4907-AB6F-A69A51B15C95}.Debug|Any CPU.Build.0 = Debug|Any CPU
		{84E37534-1073-4907-AB6F-A69A51B15C95}.Release|Any CPU.ActiveCfg = Release|Any CPU
		{84E37534-1073-4907-AB6F-A69A51B15C95}.Release|Any CPU.Build.0 = Release|Any CPU
		{28E44E52-B045-4977-BFB5-8C99428BECA8}.Debug|Any CPU.ActiveCfg = Debug|Any CPU
		{28E44E52-B045-4977-BFB5-8C99428BECA8}.Debug|Any CPU.Build.0 = Debug|Any CPU
		{28E44E52-B045-4977-BFB5-8C99428BECA8}.Release|Any CPU.ActiveCfg = Release|Any CPU
		{28E44E52-B045-4977-BFB5-8C99428BECA8}.Release|Any CPU.Build.0 = Release|Any CPU
		{4594B604-A918-4213-97C1-1DCECD7F1818}.Debug|Any CPU.ActiveCfg = Debug|Any CPU
		{4594B604-A918-4213-97C1-1DCECD7F1818}.Debug|Any CPU.Build.0 = Debug|Any CPU
		{4594B604-A918-4213-97C1-1DCECD7F1818}.Release|Any CPU.ActiveCfg = Release|Any CPU
		{4594B604-A918-4213-97C1-1DCECD7F1818}.Release|Any CPU.Build.0 = Release|Any CPU
		{796B2068-C925-4CDD-B704-3DC02113EAE2}.Debug|Any CPU.ActiveCfg = Debug|Any CPU
		{796B2068-C925-4CDD-B704-3DC02113EAE2}.Debug|Any CPU.Build.0 = Debug|Any CPU
		{796B2068-C925-4CDD-B704-3DC02113EAE2}.Release|Any CPU.ActiveCfg = Release|Any CPU
		{796B2068-C925-4CDD-B704-3DC02113EAE2}.Release|Any CPU.Build.0 = Release|Any CPU
		{498404FA-51FF-43D8-BB28-A7254C0BF078}.Debug|Any CPU.ActiveCfg = Debug|Any CPU
		{498404FA-51FF-43D8-BB28-A7254C0BF078}.Debug|Any CPU.Build.0 = Debug|Any CPU
		{498404FA-51FF-43D8-BB28-A7254C0BF078}.Release|Any CPU.ActiveCfg = Release|Any CPU
		{498404FA-51FF-43D8-BB28-A7254C0BF078}.Release|Any CPU.Build.0 = Release|Any CPU
		{CD15DC20-F0E6-4485-A2E5-9EFDF9879EC5}.Debug|Any CPU.ActiveCfg = Debug|Any CPU
		{CD15DC20-F0E6-4485-A2E5-9EFDF9879EC5}.Debug|Any CPU.Build.0 = Debug|Any CPU
		{CD15DC20-F0E6-4485-A2E5-9EFDF9879EC5}.Release|Any CPU.ActiveCfg = Release|Any CPU
		{CD15DC20-F0E6-4485-A2E5-9EFDF9879EC5}.Release|Any CPU.Build.0 = Release|Any CPU
		{73326252-8252-4187-BD61-F6305FECA680}.Debug|Any CPU.ActiveCfg = Debug|Any CPU
		{73326252-8252-4187-BD61-F6305FECA680}.Debug|Any CPU.Build.0 = Debug|Any CPU
		{73326252-8252-4187-BD61-F6305FECA680}.Release|Any CPU.ActiveCfg = Release|Any CPU
		{73326252-8252-4187-BD61-F6305FECA680}.Release|Any CPU.Build.0 = Release|Any CPU
		{24A21266-9040-4F72-8ADD-3CE5B807AB4E}.Debug|Any CPU.ActiveCfg = Debug|Any CPU
		{24A21266-9040-4F72-8ADD-3CE5B807AB4E}.Debug|Any CPU.Build.0 = Debug|Any CPU
		{24A21266-9040-4F72-8ADD-3CE5B807AB4E}.Release|Any CPU.ActiveCfg = Release|Any CPU
		{24A21266-9040-4F72-8ADD-3CE5B807AB4E}.Release|Any CPU.Build.0 = Release|Any CPU
		{C96A3382-D12D-4985-A1F2-FA3C2CD3435B}.Debug|Any CPU.ActiveCfg = Debug|Any CPU
		{C96A3382-D12D-4985-A1F2-FA3C2CD3435B}.Debug|Any CPU.Build.0 = Debug|Any CPU
		{C96A3382-D12D-4985-A1F2-FA3C2CD3435B}.Release|Any CPU.ActiveCfg = Release|Any CPU
		{C96A3382-D12D-4985-A1F2-FA3C2CD3435B}.Release|Any CPU.Build.0 = Release|Any CPU
		{08883ACC-9C49-40F5-A3E3-D666B06B88AB}.Debug|Any CPU.ActiveCfg = Debug|Any CPU
		{08883ACC-9C49-40F5-A3E3-D666B06B88AB}.Debug|Any CPU.Build.0 = Debug|Any CPU
		{08883ACC-9C49-40F5-A3E3-D666B06B88AB}.Release|Any CPU.ActiveCfg = Release|Any CPU
		{08883ACC-9C49-40F5-A3E3-D666B06B88AB}.Release|Any CPU.Build.0 = Release|Any CPU
	EndGlobalSection
	GlobalSection(NestedProjects) = preSolution
		{3EE18E3B-41AE-4107-9ABA-CEADB4BA5D94} = {CF4BAE10-7EA8-4B18-B57D-0F0D62EDBA41}
		{94728CD3-62F0-4237-A437-4A756AAA92B3} = {3EE18E3B-41AE-4107-9ABA-CEADB4BA5D94}
		{4A05C4DF-AE4B-4F81-96C3-453D7CFC7A18} = {3EE18E3B-41AE-4107-9ABA-CEADB4BA5D94}
		{30A39E8C-8FD4-4913-B80F-25FA0F922A36} = {3EE18E3B-41AE-4107-9ABA-CEADB4BA5D94}
		{ABAA8B4C-5407-461E-99B8-99256DE2B762} = {3EE18E3B-41AE-4107-9ABA-CEADB4BA5D94}
		{A640CFEE-FFF7-4943-B651-8FA414D8941B} = {CF4BAE10-7EA8-4B18-B57D-0F0D62EDBA41}
		{BCC2F042-DAF7-46F9-BFA9-18756F5BCFDD} = {A640CFEE-FFF7-4943-B651-8FA414D8941B}
		{53D70166-48DD-413F-94BD-F6CB5EEE6D8F} = {A640CFEE-FFF7-4943-B651-8FA414D8941B}
		{23832F8E-FB5C-4705-99F9-B107CAF35B19} = {A640CFEE-FFF7-4943-B651-8FA414D8941B}
		{E418A56C-758B-463F-8716-2FA0B14DBCC8} = {A640CFEE-FFF7-4943-B651-8FA414D8941B}
		{DA5B3BC1-CB90-4B6B-8E26-3C232A800B8E} = {CF4BAE10-7EA8-4B18-B57D-0F0D62EDBA41}
		{46C48CD1-A48B-41D2-916E-AB72EDFEDADA} = {DA5B3BC1-CB90-4B6B-8E26-3C232A800B8E}
		{8D7F0E38-6D96-41D8-AF59-894581054FA8} = {DA5B3BC1-CB90-4B6B-8E26-3C232A800B8E}
		{FF0F0991-ECEB-4442-AF82-A84B8C710CA5} = {DA5B3BC1-CB90-4B6B-8E26-3C232A800B8E}
		{BE8E0E48-8A79-416E-B3EC-F8389F4FF26A} = {DA5B3BC1-CB90-4B6B-8E26-3C232A800B8E}
		{DC6ECAE9-3386-405D-B7FB-DAAD4DC72FAB} = {CF4BAE10-7EA8-4B18-B57D-0F0D62EDBA41}
		{43EBE678-F4A7-4AF3-BF86-175DAC4B6669} = {DC6ECAE9-3386-405D-B7FB-DAAD4DC72FAB}
		{2FEA269F-70BF-4D05-A14F-A1F81F185118} = {DC6ECAE9-3386-405D-B7FB-DAAD4DC72FAB}
		{E868BF39-774B-442F-A3D7-56CCAD9CC87D} = {DC6ECAE9-3386-405D-B7FB-DAAD4DC72FAB}
		{0A4A8566-95CA-4821-9A5A-8F901A23087B} = {DC6ECAE9-3386-405D-B7FB-DAAD4DC72FAB}
		{020F1371-6F96-4D44-AF50-BE87362E429E} = {CF4BAE10-7EA8-4B18-B57D-0F0D62EDBA41}
		{A4575A12-9807-47CC-83B6-A392FE1A019D} = {020F1371-6F96-4D44-AF50-BE87362E429E}
		{50E440FB-C9AA-4B91-95CE-7BC9DCEB39ED} = {020F1371-6F96-4D44-AF50-BE87362E429E}
		{84E37534-1073-4907-AB6F-A69A51B15C95} = {020F1371-6F96-4D44-AF50-BE87362E429E}
		{28E44E52-B045-4977-BFB5-8C99428BECA8} = {020F1371-6F96-4D44-AF50-BE87362E429E}
		{093A6746-88F3-489C-A0EA-CE1238BA85B2} = {CF4BAE10-7EA8-4B18-B57D-0F0D62EDBA41}
		{4594B604-A918-4213-97C1-1DCECD7F1818} = {093A6746-88F3-489C-A0EA-CE1238BA85B2}
		{796B2068-C925-4CDD-B704-3DC02113EAE2} = {093A6746-88F3-489C-A0EA-CE1238BA85B2}
		{498404FA-51FF-43D8-BB28-A7254C0BF078} = {093A6746-88F3-489C-A0EA-CE1238BA85B2}
		{CD15DC20-F0E6-4485-A2E5-9EFDF9879EC5} = {093A6746-88F3-489C-A0EA-CE1238BA85B2}
		{0ED9717D-1344-46DC-AC52-47FF219E600E} = {CF4BAE10-7EA8-4B18-B57D-0F0D62EDBA41}
		{73326252-8252-4187-BD61-F6305FECA680} = {0ED9717D-1344-46DC-AC52-47FF219E600E}
		{24A21266-9040-4F72-8ADD-3CE5B807AB4E} = {0ED9717D-1344-46DC-AC52-47FF219E600E}
		{C96A3382-D12D-4985-A1F2-FA3C2CD3435B} = {0ED9717D-1344-46DC-AC52-47FF219E600E}
		{08883ACC-9C49-40F5-A3E3-D666B06B88AB} = {0ED9717D-1344-46DC-AC52-47FF219E600E}
	EndGlobalSection
EndGlobal
